// !$*UTF8*$!
{
	archiveVersion = 1;
	classes = {
	};
	objectVersion = 48;
	objects = {

/* Begin PBXBuildFile section */
		28DFA0E51FC8C08700328368 /* AppDelegate.swift in Sources */ = {isa = PBXBuildFile; fileRef = 28DFA0E41FC8C08700328368 /* AppDelegate.swift */; };
		28DFA0E71FC8C08700328368 /* ViewController.swift in Sources */ = {isa = PBXBuildFile; fileRef = 28DFA0E61FC8C08700328368 /* ViewController.swift */; };
		28DFA0EA1FC8C08700328368 /* Main.storyboard in Resources */ = {isa = PBXBuildFile; fileRef = 28DFA0E81FC8C08700328368 /* Main.storyboard */; };
		28DFA0EC1FC8C08700328368 /* Assets.xcassets in Resources */ = {isa = PBXBuildFile; fileRef = 28DFA0EB1FC8C08700328368 /* Assets.xcassets */; };
		28DFA0EF1FC8C08700328368 /* LaunchScreen.storyboard in Resources */ = {isa = PBXBuildFile; fileRef = 28DFA0ED1FC8C08700328368 /* LaunchScreen.storyboard */; };
/* End PBXBuildFile section */

/* Begin PBXFileReference section */
		28DFA0E11FC8C08700328368 /* Evaluation+.app */ = {isa = PBXFileReference; explicitFileType = wrapper.application; includeInIndex = 0; path = "Evaluation+.app"; sourceTree = BUILT_PRODUCTS_DIR; };
		28DFA0E41FC8C08700328368 /* AppDelegate.swift */ = {isa = PBXFileReference; lastKnownFileType = sourcecode.swift; path = AppDelegate.swift; sourceTree = "<group>"; };
		28DFA0E61FC8C08700328368 /* ViewController.swift */ = {isa = PBXFileReference; lastKnownFileType = sourcecode.swift; path = ViewController.swift; sourceTree = "<group>"; };
		28DFA0E91FC8C08700328368 /* Base */ = {isa = PBXFileReference; lastKnownFileType = file.storyboard; name = Base; path = Base.lproj/Main.storyboard; sourceTree = "<group>"; };
		28DFA0EB1FC8C08700328368 /* Assets.xcassets */ = {isa = PBXFileReference; lastKnownFileType = folder.assetcatalog; path = Assets.xcassets; sourceTree = "<group>"; };
		28DFA0EE1FC8C08700328368 /* Base */ = {isa = PBXFileReference; lastKnownFileType = file.storyboard; name = Base; path = Base.lproj/LaunchScreen.storyboard; sourceTree = "<group>"; };
		28DFA0F01FC8C08700328368 /* Info.plist */ = {isa = PBXFileReference; lastKnownFileType = text.plist.xml; path = Info.plist; sourceTree = "<group>"; };
/* End PBXFileReference section */

/* Begin PBXFrameworksBuildPhase section */
		28DFA0DE1FC8C08700328368 /* Frameworks */ = {
			isa = PBXFrameworksBuildPhase;
			buildActionMask = 2147483647;
			files = (
			);
			runOnlyForDeploymentPostprocessing = 0;
		};
/* End PBXFrameworksBuildPhase section */

/* Begin PBXGroup section */
		28DFA0D81FC8C08700328368 = {
			isa = PBXGroup;
			children = (
				28DFA0E31FC8C08700328368 /* Evaluation+ */,
				28DFA0E21FC8C08700328368 /* Products */,
			);
			sourceTree = "<group>";
		};
		28DFA0E21FC8C08700328368 /* Products */ = {
			isa = PBXGroup;
			children = (
				28DFA0E11FC8C08700328368 /* Evaluation+.app */,
			);
			name = Products;
			sourceTree = "<group>";
		};
		28DFA0E31FC8C08700328368 /* Evaluation+ */ = {
			isa = PBXGroup;
			children = (
				28DFA0E41FC8C08700328368 /* AppDelegate.swift */,
				28DFA0E61FC8C08700328368 /* ViewController.swift */,
				28DFA0E81FC8C08700328368 /* Main.storyboard */,
				28DFA0EB1FC8C08700328368 /* Assets.xcassets */,
				28DFA0ED1FC8C08700328368 /* LaunchScreen.storyboard */,
				28DFA0F01FC8C08700328368 /* Info.plist */,
			);
			path = "Evaluation+";
			sourceTree = "<group>";
		};
/* End PBXGroup section */

/* Begin PBXNativeTarget section */
		28DFA0E01FC8C08700328368 /* Evaluation+ */ = {
			isa = PBXNativeTarget;
			buildConfigurationList = 28DFA0F31FC8C08700328368 /* Build configuration list for PBXNativeTarget "Evaluation+" */;
			buildPhases = (
				28DFA0DD1FC8C08700328368 /* Sources */,
				28DFA0DE1FC8C08700328368 /* Frameworks */,
				28DFA0DF1FC8C08700328368 /* Resources */,
			);
			buildRules = (
			);
			dependencies = (
			);
			name = "Evaluation+";
			productName = "Evaluation+";
			productReference = 28DFA0E11FC8C08700328368 /* Evaluation+.app */;
			productType = "com.apple.product-type.application";
		};
/* End PBXNativeTarget section */

/* Begin PBXProject section */
		28DFA0D91FC8C08700328368 /* Project object */ = {
			isa = PBXProject;
			attributes = {
				LastSwiftUpdateCheck = 0910;
				LastUpgradeCheck = 0910;
				ORGANIZATIONNAME = "Raphael Menezes";
				TargetAttributes = {
					28DFA0E01FC8C08700328368 = {
						CreatedOnToolsVersion = 9.1;
						ProvisioningStyle = Automatic;
					};
				};
			};
			buildConfigurationList = 28DFA0DC1FC8C08700328368 /* Build configuration list for PBXProject "Evaluation+" */;
			compatibilityVersion = "Xcode 8.0";
			developmentRegion = en;
			hasScannedForEncodings = 0;
			knownRegions = (
				en,
				Base,
			);
			mainGroup = 28DFA0D81FC8C08700328368;
			productRefGroup = 28DFA0E21FC8C08700328368 /* Products */;
			projectDirPath = "";
			projectRoot = "";
			targets = (
				28DFA0E01FC8C08700328368 /* Evaluation+ */,
			);
		};
/* End PBXProject section */

/* Begin PBXResourcesBuildPhase section */
		28DFA0DF1FC8C08700328368 /* Resources */ = {
			isa = PBXResourcesBuildPhase;
			buildActionMask = 2147483647;
			files = (
				28DFA0EF1FC8C08700328368 /* LaunchScreen.storyboard in Resources */,
				28DFA0EC1FC8C08700328368 /* Assets.xcassets in Resources */,
				28DFA0EA1FC8C08700328368 /* Main.storyboard in Resources */,
			);
			runOnlyForDeploymentPostprocessing = 0;
		};
/* End PBXResourcesBuildPhase section */

/* Begin PBXSourcesBuildPhase section */
		28DFA0DD1FC8C08700328368 /* Sources */ = {
			isa = PBXSourcesBuildPhase;
			buildActionMask = 2147483647;
			files = (
				28DFA0E71FC8C08700328368 /* ViewController.swift in Sources */,
				28DFA0E51FC8C08700328368 /* AppDelegate.swift in Sources */,
			);
			runOnlyForDeploymentPostprocessing = 0;
		};
/* End PBXSourcesBuildPhase section */

/* Begin PBXVariantGroup section */
		28DFA0E81FC8C08700328368 /* Main.storyboard */ = {
			isa = PBXVariantGroup;
			children = (
				28DFA0E91FC8C08700328368 /* Base */,
			);
			name = Main.storyboard;
			sourceTree = "<group>";
		};
		28DFA0ED1FC8C08700328368 /* LaunchScreen.storyboard */ = {
			isa = PBXVariantGroup;
			children = (
				28DFA0EE1FC8C08700328368 /* Base */,
			);
			name = LaunchScreen.storyboard;
			sourceTree = "<group>";
		};
/* End PBXVariantGroup section */

/* Begin XCBuildConfiguration section */
		28DFA0F11FC8C08700328368 /* Debug */ = {
			isa = XCBuildConfiguration;
			buildSettings = {
				ALWAYS_SEARCH_USER_PATHS = NO;
				CLANG_ANALYZER_NONNULL = YES;
				CLANG_ANALYZER_NUMBER_OBJECT_CONVERSION = YES_AGGRESSIVE;
				CLANG_CXX_LANGUAGE_STANDARD = "gnu++14";
				CLANG_CXX_LIBRARY = "libc++";
				CLANG_ENABLE_MODULES = YES;
				CLANG_ENABLE_OBJC_ARC = YES;
				CLANG_WARN_BLOCK_CAPTURE_AUTORELEASING = YES;
				CLANG_WARN_BOOL_CONVERSION = YES;
				CLANG_WARN_COMMA = YES;
				CLANG_WARN_CONSTANT_CONVERSION = YES;
				CLANG_WARN_DIRECT_OBJC_ISA_USAGE = YES_ERROR;
				CLANG_WARN_DOCUMENTATION_COMMENTS = YES;
				CLANG_WARN_EMPTY_BODY = YES;
				CLANG_WARN_ENUM_CONVERSION = YES;
				CLANG_WARN_INFINITE_RECURSION = YES;
				CLANG_WARN_INT_CONVERSION = YES;
				CLANG_WARN_NON_LITERAL_NULL_CONVERSION = YES;
				CLANG_WARN_OBJC_LITERAL_CONVERSION = YES;
				CLANG_WARN_OBJC_ROOT_CLASS = YES_ERROR;
				CLANG_WARN_RANGE_LOOP_ANALYSIS = YES;
				CLANG_WARN_STRICT_PROTOTYPES = YES;
				CLANG_WARN_SUSPICIOUS_MOVE = YES;
				CLANG_WARN_UNGUARDED_AVAILABILITY = YES_AGGRESSIVE;
				CLANG_WARN_UNREACHABLE_CODE = YES;
				CLANG_WARN__DUPLICATE_METHOD_MATCH = YES;
				CODE_SIGN_IDENTITY = "iPhone Developer";
				COPY_PHASE_STRIP = NO;
				DEBUG_INFORMATION_FORMAT = dwarf;
				ENABLE_STRICT_OBJC_MSGSEND = YES;
				ENABLE_TESTABILITY = YES;
				GCC_C_LANGUAGE_STANDARD = gnu11;
				GCC_DYNAMIC_NO_PIC = NO;
				GCC_NO_COMMON_BLOCKS = YES;
				GCC_OPTIMIZATION_LEVEL = 0;
				GCC_PREPROCESSOR_DEFINITIONS = (
					"DEBUG=1",
					"$(inherited)",
				);
				GCC_WARN_64_TO_32_BIT_CONVERSION = YES;
				GCC_WARN_ABOUT_RETURN_TYPE = YES_ERROR;
				GCC_WARN_UNDECLARED_SELECTOR = YES;
				GCC_WARN_UNINITIALIZED_AUTOS = YES_AGGRESSIVE;
				GCC_WARN_UNUSED_FUNCTION = YES;
				GCC_WARN_UNUSED_VARIABLE = YES;
				IPHONEOS_DEPLOYMENT_TARGET = 11.1;
				MTL_ENABLE_DEBUG_INFO = YES;
				ONLY_ACTIVE_ARCH = YES;
				SDKROOT = iphoneos;
				SWIFT_ACTIVE_COMPILATION_CONDITIONS = DEBUG;
				SWIFT_OPTIMIZATION_LEVEL = "-Onone";
			};
			name = Debug;
		};
		28DFA0F21FC8C08700328368 /* Release */ = {
			isa = XCBuildConfiguration;
			buildSettings = {
				ALWAYS_SEARCH_USER_PATHS = NO;
				CLANG_ANALYZER_NONNULL = YES;
				CLANG_ANALYZER_NUMBER_OBJECT_CONVERSION = YES_AGGRESSIVE;
				CLANG_CXX_LANGUAGE_STANDARD = "gnu++14";
				CLANG_CXX_LIBRARY = "libc++";
				CLANG_ENABLE_MODULES = YES;
				CLANG_ENABLE_OBJC_ARC = YES;
				CLANG_WARN_BLOCK_CAPTURE_AUTORELEASING = YES;
				CLANG_WARN_BOOL_CONVERSION = YES;
				CLANG_WARN_COMMA = YES;
				CLANG_WARN_CONSTANT_CONVERSION = YES;
				CLANG_WARN_DIRECT_OBJC_ISA_USAGE = YES_ERROR;
				CLANG_WARN_DOCUMENTATION_COMMENTS = YES;
				CLANG_WARN_EMPTY_BODY = YES;
				CLANG_WARN_ENUM_CONVERSION = YES;
				CLANG_WARN_INFINITE_RECURSION = YES;
				CLANG_WARN_INT_CONVERSION = YES;
				CLANG_WARN_NON_LITERAL_NULL_CONVERSION = YES;
				CLANG_WARN_OBJC_LITERAL_CONVERSION = YES;
				CLANG_WARN_OBJC_ROOT_CLASS = YES_ERROR;
				CLANG_WARN_RANGE_LOOP_ANALYSIS = YES;
				CLANG_WARN_STRICT_PROTOTYPES = YES;
				CLANG_WARN_SUSPICIOUS_MOVE = YES;
				CLANG_WARN_UNGUARDED_AVAILABILITY = YES_AGGRESSIVE;
				CLANG_WARN_UNREACHABLE_CODE = YES;
				CLANG_WARN__DUPLICATE_METHOD_MATCH = YES;
				CODE_SIGN_IDENTITY = "iPhone Developer";
				COPY_PHASE_STRIP = NO;
				DEBUG_INFORMATION_FORMAT = "dwarf-with-dsym";
				ENABLE_NS_ASSERTIONS = NO;
				ENABLE_STRICT_OBJC_MSGSEND = YES;
				GCC_C_LANGUAGE_STANDARD = gnu11;
				GCC_NO_COMMON_BLOCKS = YES;
				GCC_WARN_64_TO_32_BIT_CONVERSION = YES;
				GCC_WARN_ABOUT_RETURN_TYPE = YES_ERROR;
				GCC_WARN_UNDECLARED_SELECTOR = YES;
				GCC_WARN_UNINITIALIZED_AUTOS = YES_AGGRESSIVE;
				GCC_WARN_UNUSED_FUNCTION = YES;
				GCC_WARN_UNUSED_VARIABLE = YES;
				IPHONEOS_DEPLOYMENT_TARGET = 11.1;
				MTL_ENABLE_DEBUG_INFO = NO;
				SDKROOT = iphoneos;
				SWIFT_OPTIMIZATION_LEVEL = "-Owholemodule";
				VALIDATE_PRODUCT = YES;
			};
			name = Release;
		};
		28DFA0F41FC8C08700328368 /* Debug */ = {
			isa = XCBuildConfiguration;
			buildSettings = {
				ASSETCATALOG_COMPILER_APPICON_NAME = AppIcon;
				CODE_SIGN_STYLE = Automatic;
				INFOPLIST_FILE = "Evaluation+/Info.plist";
				LD_RUNPATH_SEARCH_PATHS = "$(inherited) @executable_path/Frameworks";
				PRODUCT_BUNDLE_IDENTIFIER = "com.rmi.Evaluation-";
				PRODUCT_NAME = "$(TARGET_NAME)";
				SWIFT_VERSION = 4.0;
				TARGETED_DEVICE_FAMILY = "1,2";
			};
			name = Debug;
		};
		28DFA0F51FC8C08700328368 /* Release */ = {
			isa = XCBuildConfiguration;
			buildSettings = {
				ASSETCATALOG_COMPILER_APPICON_NAME = AppIcon;
				CODE_SIGN_STYLE = Automatic;
				INFOPLIST_FILE = "Evaluation+/Info.plist";
				LD_RUNPATH_SEARCH_PATHS = "$(inherited) @executable_path/Frameworks";
				PRODUCT_BUNDLE_IDENTIFIER = "com.rmi.Evaluation-";
				PRODUCT_NAME = "$(TARGET_NAME)";
				SWIFT_VERSION = 4.0;
				TARGETED_DEVICE_FAMILY = "1,2";
			};
			name = Release;
		};
/* End XCBuildConfiguration section */

/* Begin XCConfigurationList section */
		28DFA0DC1FC8C08700328368 /* Build configuration list for PBXProject "Evaluation+" */ = {
			isa = XCConfigurationList;
			buildConfigurations = (
				28DFA0F11FC8C08700328368 /* Debug */,
				28DFA0F21FC8C08700328368 /* Release */,
			);
			defaultConfigurationIsVisible = 0;
			defaultConfigurationName = Release;
		};
		28DFA0F31FC8C08700328368 /* Build configuration list for PBXNativeTarget "Evaluation+" */ = {
			isa = XCConfigurationList;
			buildConfigurations = (
				28DFA0F41FC8C08700328368 /* Debug */,
				28DFA0F51FC8C08700328368 /* Release */,
			);
			defaultConfigurationIsVisible = 0;
			defaultConfigurationName = Release;
		};
/* End XCConfigurationList section */
	};
	rootObject = 28DFA0D91FC8C08700328368 /* Project object */;
}
